
Microsoft Visual Studio Solution File, Format Version 12.00
# Visual Studio Version 17
VisualStudioVersion = 17.4.32804.182
MinimumVisualStudioVersion = 10.0.40219.1
Project("{FAE04EC0-301F-11D3-BF4B-00C04F79EFBC}") = "AdoNetWPF", "AdoNetWPF\AdoNetWPF.csproj", "{CF369C97-1A68-460B-8D85-2F04460BE58E}"
EndProject
Global
	GlobalSection(SolutionConfigurationPlatforms) = preSolution
		Debug|Any CPU = Debug|Any CPU
		Release|Any CPU = Release|Any CPU
	EndGlobalSection
	GlobalSection(ProjectConfigurationPlatforms) = postSolution
		{CF369C97-1A68-460B-8D85-2F04460BE58E}.Debug|Any CPU.ActiveCfg = Debug|Any CPU
		{CF369C97-1A68-460B-8D85-2F04460BE58E}.Debug|Any CPU.Build.0 = Debug|Any CPU
		{CF369C97-1A68-460B-8D85-2F04460BE58E}.Release|Any CPU.ActiveCfg = Release|Any CPU
		{CF369C97-1A68-460B-8D85-2F04460BE58E}.Release|Any CPU.Build.0 = Release|Any CPU
	EndGlobalSection
	GlobalSection(SolutionProperties) = preSolution
		HideSolutionNode = FALSE
	EndGlobalSection
	GlobalSection(ExtensibilityGlobals) = postSolution
		SolutionGuid = {71C48463-1F56-4810-90C1-38FE99D14178}
	EndGlobalSection
EndGlobal
